// !$*UTF8*$!
{
	archiveVersion = 1;
	classes = {
	};
	objectVersion = 56;
	objects = {

/* Begin PBXBuildFile section */
		F7850CF82A9BAB2900996E4B /* Oktava Watch App.app in Embed Watch Content */ = {isa = PBXBuildFile; fileRef = F7850CF72A9BAB2900996E4B /* Oktava Watch App.app */; settings = {ATTRIBUTES = (RemoveHeadersOnCopy, ); }; };
		F7850CFD2A9BAB2900996E4B /* OktavaApp.swift in Sources */ = {isa = PBXBuildFile; fileRef = F7850CFC2A9BAB2900996E4B /* OktavaApp.swift */; };
		F7850CFF2A9BAB2900996E4B /* ContentView.swift in Sources */ = {isa = PBXBuildFile; fileRef = F7850CFE2A9BAB2900996E4B /* ContentView.swift */; };
		F7850D012A9BAB2900996E4B /* Assets.xcassets in Resources */ = {isa = PBXBuildFile; fileRef = F7850D002A9BAB2900996E4B /* Assets.xcassets */; };
		F7850D042A9BAB2900996E4B /* Preview Assets.xcassets in Resources */ = {isa = PBXBuildFile; fileRef = F7850D032A9BAB2900996E4B /* Preview Assets.xcassets */; };
/* End PBXBuildFile section */

/* Begin PBXContainerItemProxy section */
		F7850CF92A9BAB2900996E4B /* PBXContainerItemProxy */ = {
			isa = PBXContainerItemProxy;
			containerPortal = F7850CEB2A9BAB2800996E4B /* Project object */;
			proxyType = 1;
			remoteGlobalIDString = F7850CF62A9BAB2900996E4B;
			remoteInfo = "Oktava Watch App";
		};
/* End PBXContainerItemProxy section */

/* Begin PBXCopyFilesBuildPhase section */
		F7850D0A2A9BAB2900996E4B /* Embed Watch Content */ = {
			isa = PBXCopyFilesBuildPhase;
			buildActionMask = 2147483647;
			dstPath = "$(CONTENTS_FOLDER_PATH)/Watch";
			dstSubfolderSpec = 16;
			files = (
				F7850CF82A9BAB2900996E4B /* Oktava Watch App.app in Embed Watch Content */,
			);
			name = "Embed Watch Content";
			runOnlyForDeploymentPostprocessing = 0;
		};
/* End PBXCopyFilesBuildPhase section */

/* Begin PBXFileReference section */
		F7850CF12A9BAB2900996E4B /* Oktava.app */ = {isa = PBXFileReference; explicitFileType = wrapper.application; includeInIndex = 0; path = Oktava.app; sourceTree = BUILT_PRODUCTS_DIR; };
		F7850CF72A9BAB2900996E4B /* Oktava Watch App.app */ = {isa = PBXFileReference; explicitFileType = wrapper.application; includeInIndex = 0; path = "Oktava Watch App.app"; sourceTree = BUILT_PRODUCTS_DIR; };
		F7850CFC2A9BAB2900996E4B /* OktavaApp.swift */ = {isa = PBXFileReference; lastKnownFileType = sourcecode.swift; path = OktavaApp.swift; sourceTree = "<group>"; };
		F7850CFE2A9BAB2900996E4B /* ContentView.swift */ = {isa = PBXFileReference; lastKnownFileType = sourcecode.swift; path = ContentView.swift; sourceTree = "<group>"; };
		F7850D002A9BAB2900996E4B /* Assets.xcassets */ = {isa = PBXFileReference; lastKnownFileType = folder.assetcatalog; path = Assets.xcassets; sourceTree = "<group>"; };
		F7850D032A9BAB2900996E4B /* Preview Assets.xcassets */ = {isa = PBXFileReference; lastKnownFileType = folder.assetcatalog; path = "Preview Assets.xcassets"; sourceTree = "<group>"; };
/* End PBXFileReference section */

/* Begin PBXFrameworksBuildPhase section */
		F7850CF42A9BAB2900996E4B /* Frameworks */ = {
			isa = PBXFrameworksBuildPhase;
			buildActionMask = 2147483647;
			files = (
			);
			runOnlyForDeploymentPostprocessing = 0;
		};
/* End PBXFrameworksBuildPhase section */

/* Begin PBXGroup section */
		F7850CEA2A9BAB2800996E4B = {
			isa = PBXGroup;
			children = (
				F7850CFB2A9BAB2900996E4B /* Oktava Watch App */,
				F7850CF22A9BAB2900996E4B /* Products */,
			);
			sourceTree = "<group>";
		};
		F7850CF22A9BAB2900996E4B /* Products */ = {
			isa = PBXGroup;
			children = (
				F7850CF12A9BAB2900996E4B /* Oktava.app */,
				F7850CF72A9BAB2900996E4B /* Oktava Watch App.app */,
			);
			name = Products;
			sourceTree = "<group>";
		};
		F7850CFB2A9BAB2900996E4B /* Oktava Watch App */ = {
			isa = PBXGroup;
			children = (
				F7850CFC2A9BAB2900996E4B /* OktavaApp.swift */,
				F7850CFE2A9BAB2900996E4B /* ContentView.swift */,
				F7850D002A9BAB2900996E4B /* Assets.xcassets */,
				F7850D022A9BAB2900996E4B /* Preview Content */,
			);
			path = "Oktava Watch App";
			sourceTree = "<group>";
		};
		F7850D022A9BAB2900996E4B /* Preview Content */ = {
			isa = PBXGroup;
			children = (
				F7850D032A9BAB2900996E4B /* Preview Assets.xcassets */,
			);
			path = "Preview Content";
			sourceTree = "<group>";
		};
/* End PBXGroup section */

/* Begin PBXNativeTarget section */
		F7850CF02A9BAB2900996E4B /* Oktava */ = {
			isa = PBXNativeTarget;
			buildConfigurationList = F7850D0B2A9BAB2900996E4B /* Build configuration list for PBXNativeTarget "Oktava" */;
			buildPhases = (
				F7850CEF2A9BAB2900996E4B /* Resources */,
				F7850D0A2A9BAB2900996E4B /* Embed Watch Content */,
			);
			buildRules = (
			);
			dependencies = (
				F7850CFA2A9BAB2900996E4B /* PBXTargetDependency */,
			);
			name = Oktava;
			productName = Oktava;
			productReference = F7850CF12A9BAB2900996E4B /* Oktava.app */;
			productType = "com.apple.product-type.application.watchapp2-container";
		};
		F7850CF62A9BAB2900996E4B /* Oktava Watch App */ = {
			isa = PBXNativeTarget;
			buildConfigurationList = F7850D072A9BAB2900996E4B /* Build configuration list for PBXNativeTarget "Oktava Watch App" */;
			buildPhases = (
				F7850CF32A9BAB2900996E4B /* Sources */,
				F7850CF42A9BAB2900996E4B /* Frameworks */,
				F7850CF52A9BAB2900996E4B /* Resources */,
			);
			buildRules = (
			);
			dependencies = (
			);
			name = "Oktava Watch App";
			productName = "Oktava Watch App";
			productReference = F7850CF72A9BAB2900996E4B /* Oktava Watch App.app */;
			productType = "com.apple.product-type.application";
		};
/* End PBXNativeTarget section */

/* Begin PBXProject section */
		F7850CEB2A9BAB2800996E4B /* Project object */ = {
			isa = PBXProject;
			attributes = {
				BuildIndependentTargetsInParallel = 1;
				LastSwiftUpdateCheck = 1430;
				LastUpgradeCheck = 1430;
				TargetAttributes = {
					F7850CF02A9BAB2900996E4B = {
						CreatedOnToolsVersion = 14.3.1;
					};
					F7850CF62A9BAB2900996E4B = {
						CreatedOnToolsVersion = 14.3.1;
					};
				};
			};
			buildConfigurationList = F7850CEE2A9BAB2800996E4B /* Build configuration list for PBXProject "Oktava" */;
			compatibilityVersion = "Xcode 14.0";
			developmentRegion = en;
			hasScannedForEncodings = 0;
			knownRegions = (
				en,
				Base,
			);
			mainGroup = F7850CEA2A9BAB2800996E4B;
			productRefGroup = F7850CF22A9BAB2900996E4B /* Products */;
			projectDirPath = "";
			projectRoot = "";
			targets = (
				F7850CF02A9BAB2900996E4B /* Oktava */,
				F7850CF62A9BAB2900996E4B /* Oktava Watch App */,
			);
		};
/* End PBXProject section */

/* Begin PBXResourcesBuildPhase section */
		F7850CEF2A9BAB2900996E4B /* Resources */ = {
			isa = PBXResourcesBuildPhase;
			buildActionMask = 2147483647;
			files = (
			);
			runOnlyForDeploymentPostprocessing = 0;
		};
		F7850CF52A9BAB2900996E4B /* Resources */ = {
			isa = PBXResourcesBuildPhase;
			buildActionMask = 2147483647;
			files = (
				F7850D042A9BAB2900996E4B /* Preview Assets.xcassets in Resources */,
				F7850D012A9BAB2900996E4B /* Assets.xcassets in Resources */,
			);
			runOnlyForDeploymentPostprocessing = 0;
		};
/* End PBXResourcesBuildPhase section */

/* Begin PBXSourcesBuildPhase section */
		F7850CF32A9BAB2900996E4B /* Sources */ = {
			isa = PBXSourcesBuildPhase;
			buildActionMask = 2147483647;
			files = (
				F7850CFF2A9BAB2900996E4B /* ContentView.swift in Sources */,
				F7850CFD2A9BAB2900996E4B /* OktavaApp.swift in Sources */,
			);
			runOnlyForDeploymentPostprocessing = 0;
		};
/* End PBXSourcesBuildPhase section */

/* Begin PBXTargetDependency section */
		F7850CFA2A9BAB2900996E4B /* PBXTargetDependency */ = {
			isa = PBXTargetDependency;
			target = F7850CF62A9BAB2900996E4B /* Oktava Watch App */;
			targetProxy = F7850CF92A9BAB2900996E4B /* PBXContainerItemProxy */;
		};
/* End PBXTargetDependency section */

/* Begin XCBuildConfiguration section */
		F7850D052A9BAB2900996E4B /* Debug */ = {
			isa = XCBuildConfiguration;
			buildSettings = {
				ALWAYS_SEARCH_USER_PATHS = NO;
				CLANG_ANALYZER_NONNULL = YES;
				CLANG_ANALYZER_NUMBER_OBJECT_CONVERSION = YES_AGGRESSIVE;
				CLANG_CXX_LANGUAGE_STANDARD = "gnu++20";
				CLANG_ENABLE_MODULES = YES;
				CLANG_ENABLE_OBJC_ARC = YES;
				CLANG_ENABLE_OBJC_WEAK = YES;
				CLANG_WARN_BLOCK_CAPTURE_AUTORELEASING = YES;
				CLANG_WARN_BOOL_CONVERSION = YES;
				CLANG_WARN_COMMA = YES;
				CLANG_WARN_CONSTANT_CONVERSION = YES;
				CLANG_WARN_DEPRECATED_OBJC_IMPLEMENTATIONS = YES;
				CLANG_WARN_DIRECT_OBJC_ISA_USAGE = YES_ERROR;
				CLANG_WARN_DOCUMENTATION_COMMENTS = YES;
				CLANG_WARN_EMPTY_BODY = YES;
				CLANG_WARN_ENUM_CONVERSION = YES;
				CLANG_WARN_INFINITE_RECURSION = YES;
				CLANG_WARN_INT_CONVERSION = YES;
				CLANG_WARN_NON_LITERAL_NULL_CONVERSION = YES;
				CLANG_WARN_OBJC_IMPLICIT_RETAIN_SELF = YES;
				CLANG_WARN_OBJC_LITERAL_CONVERSION = YES;
				CLANG_WARN_OBJC_ROOT_CLASS = YES_ERROR;
				CLANG_WARN_QUOTED_INCLUDE_IN_FRAMEWORK_HEADER = YES;
				CLANG_WARN_RANGE_LOOP_ANALYSIS = YES;
				CLANG_WARN_STRICT_PROTOTYPES = YES;
				CLANG_WARN_SUSPICIOUS_MOVE = YES;
				CLANG_WARN_UNGUARDED_AVAILABILITY = YES_AGGRESSIVE;
				CLANG_WARN_UNREACHABLE_CODE = YES;
				CLANG_WARN__DUPLICATE_METHOD_MATCH = YES;
				COPY_PHASE_STRIP = NO;
				DEBUG_INFORMATION_FORMAT = dwarf;
				ENABLE_STRICT_OBJC_MSGSEND = YES;
				ENABLE_TESTABILITY = YES;
				GCC_C_LANGUAGE_STANDARD = gnu11;
				GCC_DYNAMIC_NO_PIC = NO;
				GCC_NO_COMMON_BLOCKS = YES;
				GCC_OPTIMIZATION_LEVEL = 0;
				GCC_PREPROCESSOR_DEFINITIONS = (
					"DEBUG=1",
					"$(inherited)",
				);
				GCC_WARN_64_TO_32_BIT_CONVERSION = YES;
				GCC_WARN_ABOUT_RETURN_TYPE = YES_ERROR;
				GCC_WARN_UNDECLARED_SELECTOR = YES;
				GCC_WARN_UNINITIALIZED_AUTOS = YES_AGGRESSIVE;
				GCC_WARN_UNUSED_FUNCTION = YES;
				GCC_WARN_UNUSED_VARIABLE = YES;
				MTL_ENABLE_DEBUG_INFO = INCLUDE_SOURCE;
				MTL_FAST_MATH = YES;
				ONLY_ACTIVE_ARCH = YES;
				SWIFT_ACTIVE_COMPILATION_CONDITIONS = DEBUG;
				SWIFT_OPTIMIZATION_LEVEL = "-Onone";
			};
			name = Debug;
		};
		F7850D062A9BAB2900996E4B /* Release */ = {
			isa = XCBuildConfiguration;
			buildSettings = {
				ALWAYS_SEARCH_USER_PATHS = NO;
				CLANG_ANALYZER_NONNULL = YES;
				CLANG_ANALYZER_NUMBER_OBJECT_CONVERSION = YES_AGGRESSIVE;
				CLANG_CXX_LANGUAGE_STANDARD = "gnu++20";
				CLANG_ENABLE_MODULES = YES;
				CLANG_ENABLE_OBJC_ARC = YES;
				CLANG_ENABLE_OBJC_WEAK = YES;
				CLANG_WARN_BLOCK_CAPTURE_AUTORELEASING = YES;
				CLANG_WARN_BOOL_CONVERSION = YES;
				CLANG_WARN_COMMA = YES;
				CLANG_WARN_CONSTANT_CONVERSION = YES;
				CLANG_WARN_DEPRECATED_OBJC_IMPLEMENTATIONS = YES;
				CLANG_WARN_DIRECT_OBJC_ISA_USAGE = YES_ERROR;
				CLANG_WARN_DOCUMENTATION_COMMENTS = YES;
				CLANG_WARN_EMPTY_BODY = YES;
				CLANG_WARN_ENUM_CONVERSION = YES;
				CLANG_WARN_INFINITE_RECURSION = YES;
				CLANG_WARN_INT_CONVERSION = YES;
				CLANG_WARN_NON_LITERAL_NULL_CONVERSION = YES;
				CLANG_WARN_OBJC_IMPLICIT_RETAIN_SELF = YES;
				CLANG_WARN_OBJC_LITERAL_CONVERSION = YES;
				CLANG_WARN_OBJC_ROOT_CLASS = YES_ERROR;
				CLANG_WARN_QUOTED_INCLUDE_IN_FRAMEWORK_HEADER = YES;
				CLANG_WARN_RANGE_LOOP_ANALYSIS = YES;
				CLANG_WARN_STRICT_PROTOTYPES = YES;
				CLANG_WARN_SUSPICIOUS_MOVE = YES;
				CLANG_WARN_UNGUARDED_AVAILABILITY = YES_AGGRESSIVE;
				CLANG_WARN_UNREACHABLE_CODE = YES;
				CLANG_WARN__DUPLICATE_METHOD_MATCH = YES;
				COPY_PHASE_STRIP = NO;
				DEBUG_INFORMATION_FORMAT = "dwarf-with-dsym";
				ENABLE_NS_ASSERTIONS = NO;
				ENABLE_STRICT_OBJC_MSGSEND = YES;
				GCC_C_LANGUAGE_STANDARD = gnu11;
				GCC_NO_COMMON_BLOCKS = YES;
				GCC_WARN_64_TO_32_BIT_CONVERSION = YES;
				GCC_WARN_ABOUT_RETURN_TYPE = YES_ERROR;
				GCC_WARN_UNDECLARED_SELECTOR = YES;
				GCC_WARN_UNINITIALIZED_AUTOS = YES_AGGRESSIVE;
				GCC_WARN_UNUSED_FUNCTION = YES;
				GCC_WARN_UNUSED_VARIABLE = YES;
				MTL_ENABLE_DEBUG_INFO = NO;
				MTL_FAST_MATH = YES;
				SWIFT_COMPILATION_MODE = wholemodule;
				SWIFT_OPTIMIZATION_LEVEL = "-O";
			};
			name = Release;
		};
		F7850D082A9BAB2900996E4B /* Debug */ = {
			isa = XCBuildConfiguration;
			buildSettings = {
				ASSETCATALOG_COMPILER_APPICON_NAME = AppIcon;
				ASSETCATALOG_COMPILER_GLOBAL_ACCENT_COLOR_NAME = AccentColor;
				CODE_SIGN_STYLE = Automatic;
				CURRENT_PROJECT_VERSION = 1;
				DEVELOPMENT_ASSET_PATHS = "\"Oktava Watch App/Preview Content\"";
				DEVELOPMENT_TEAM = 2JRM8C57W4;
				ENABLE_PREVIEWS = YES;
				GENERATE_INFOPLIST_FILE = YES;
				INFOPLIST_KEY_CFBundleDisplayName = Oktava;
				INFOPLIST_KEY_UISupportedInterfaceOrientations = "UIInterfaceOrientationPortrait UIInterfaceOrientationPortraitUpsideDown";
				INFOPLIST_KEY_WKWatchOnly = YES;
				LD_RUNPATH_SEARCH_PATHS = (
					"$(inherited)",
					"@executable_path/Frameworks",
				);
				MARKETING_VERSION = 1.0;
				PRODUCT_BUNDLE_IDENTIFIER = "Vasily-Shelokov.Oktava.watchkitapp";
				PRODUCT_NAME = "$(TARGET_NAME)";
				SDKROOT = watchos;
				SKIP_INSTALL = YES;
				SWIFT_EMIT_LOC_STRINGS = YES;
				SWIFT_VERSION = 5.0;
				TARGETED_DEVICE_FAMILY = 4;
				WATCHOS_DEPLOYMENT_TARGET = 9.4;
			};
			name = Debug;
		};
		F7850D092A9BAB2900996E4B /* Release */ = {
			isa = XCBuildConfiguration;
			buildSettings = {
				ASSETCATALOG_COMPILER_APPICON_NAME = AppIcon;
				ASSETCATALOG_COMPILER_GLOBAL_ACCENT_COLOR_NAME = AccentColor;
				CODE_SIGN_STYLE = Automatic;
				CURRENT_PROJECT_VERSION = 1;
				DEVELOPMENT_ASSET_PATHS = "\"Oktava Watch App/Preview Content\"";
				DEVELOPMENT_TEAM = 2JRM8C57W4;
				ENABLE_PREVIEWS = YES;
				GENERATE_INFOPLIST_FILE = YES;
				INFOPLIST_KEY_CFBundleDisplayName = Oktava;
				INFOPLIST_KEY_UISupportedInterfaceOrientations = "UIInterfaceOrientationPortrait UIInterfaceOrientationPortraitUpsideDown";
				INFOPLIST_KEY_WKWatchOnly = YES;
				LD_RUNPATH_SEARCH_PATHS = (
					"$(inherited)",
					"@executable_path/Frameworks",
				);
				MARKETING_VERSION = 1.0;
				PRODUCT_BUNDLE_IDENTIFIER = "Vasily-Shelokov.Oktava.watchkitapp";
				PRODUCT_NAME = "$(TARGET_NAME)";
				SDKROOT = watchos;
				SKIP_INSTALL = YES;
				SWIFT_EMIT_LOC_STRINGS = YES;
				SWIFT_VERSION = 5.0;
				TARGETED_DEVICE_FAMILY = 4;
				VALIDATE_PRODUCT = YES;
				WATCHOS_DEPLOYMENT_TARGET = 9.4;
			};
			name = Release;
		};
		F7850D0C2A9BAB2900996E4B /* Debug */ = {
			isa = XCBuildConfiguration;
			buildSettings = {
				ALWAYS_EMBED_SWIFT_STANDARD_LIBRARIES = YES;
				CODE_SIGN_STYLE = Automatic;
				CURRENT_PROJECT_VERSION = 1;
				DEVELOPMENT_TEAM = 2JRM8C57W4;
				INFOPLIST_KEY_CFBundleDisplayName = Oktava;
				MARKETING_VERSION = 1.0;
				PRODUCT_BUNDLE_IDENTIFIER = "Vasily-Shelokov.Oktava";
				PRODUCT_NAME = "$(TARGET_NAME)";
				SDKROOT = iphoneos;
				SWIFT_VERSION = 5.0;
			};
			name = Debug;
		};
		F7850D0D2A9BAB2900996E4B /* Release */ = {
			isa = XCBuildConfiguration;
			buildSettings = {
				ALWAYS_EMBED_SWIFT_STANDARD_LIBRARIES = YES;
				CODE_SIGN_STYLE = Automatic;
				CURRENT_PROJECT_VERSION = 1;
				DEVELOPMENT_TEAM = 2JRM8C57W4;
				INFOPLIST_KEY_CFBundleDisplayName = Oktava;
				MARKETING_VERSION = 1.0;
				PRODUCT_BUNDLE_IDENTIFIER = "Vasily-Shelokov.Oktava";
				PRODUCT_NAME = "$(TARGET_NAME)";
				SDKROOT = iphoneos;
				SWIFT_VERSION = 5.0;
				VALIDATE_PRODUCT = YES;
			};
			name = Release;
		};
/* End XCBuildConfiguration section */

/* Begin XCConfigurationList section */
		F7850CEE2A9BAB2800996E4B /* Build configuration list for PBXProject "Oktava" */ = {
			isa = XCConfigurationList;
			buildConfigurations = (
				F7850D052A9BAB2900996E4B /* Debug */,
				F7850D062A9BAB2900996E4B /* Release */,
			);
			defaultConfigurationIsVisible = 0;
			defaultConfigurationName = Release;
		};
		F7850D072A9BAB2900996E4B /* Build configuration list for PBXNativeTarget "Oktava Watch App" */ = {
			isa = XCConfigurationList;
			buildConfigurations = (
				F7850D082A9BAB2900996E4B /* Debug */,
				F7850D092A9BAB2900996E4B /* Release */,
			);
			defaultConfigurationIsVisible = 0;
			defaultConfigurationName = Release;
		};
		F7850D0B2A9BAB2900996E4B /* Build configuration list for PBXNativeTarget "Oktava" */ = {
			isa = XCConfigurationList;
			buildConfigurations = (
				F7850D0C2A9BAB2900996E4B /* Debug */,
				F7850D0D2A9BAB2900996E4B /* Release */,
			);
			defaultConfigurationIsVisible = 0;
			defaultConfigurationName = Release;
		};
/* End XCConfigurationList section */
	};
	rootObject = F7850CEB2A9BAB2800996E4B /* Project object */;
}
